
Microsoft Visual Studio Solution File, Format Version 12.00
# Visual Studio 2012
Project("{F088123C-0E9E-452A-89E6-6BA2F21D5CAC}") = "ModelagemTigra", "ModelagemTigra.modelproj", "{FE1FB5C9-2C0B-408E-8347-9CC5EFDC29BB}"
EndProject
Global
	GlobalSection(SolutionConfigurationPlatforms) = preSolution
		Debug|Any CPU = Debug|Any CPU
		Release|Any CPU = Release|Any CPU
	EndGlobalSection
	GlobalSection(ProjectConfigurationPlatforms) = postSolution
		{FE1FB5C9-2C0B-408E-8347-9CC5EFDC29BB}.Debug|Any CPU.ActiveCfg = Debug|Any CPU
		{FE1FB5C9-2C0B-408E-8347-9CC5EFDC29BB}.Debug|Any CPU.Build.0 = Debug|Any CPU
		{FE1FB5C9-2C0B-408E-8347-9CC5EFDC29BB}.Release|Any CPU.ActiveCfg = Release|Any CPU
		{FE1FB5C9-2C0B-408E-8347-9CC5EFDC29BB}.Release|Any CPU.Build.0 = Release|Any CPU
	EndGlobalSection
	GlobalSection(SolutionProperties) = preSolution
		HideSolutionNode = FALSE
	EndGlobalSection
EndGlobal
