
Microsoft Visual Studio Solution File, Format Version 12.00
# Visual Studio 2012
Project("{FAE04EC0-301F-11D3-BF4B-00C04F79EFBC}") = "Tudu", "Tudu\Tudu.csproj", "{20ECA661-7443-4168-8623-5D9A50A1BBBA}"
EndProject
Project("{FAE04EC0-301F-11D3-BF4B-00C04F79EFBC}") = "Tudu.Tests", "Tudu.Tests\Tudu.Tests.csproj", "{12795521-8CB3-4ED5-B126-3701C599CA8E}"
EndProject
Global
	GlobalSection(SolutionConfigurationPlatforms) = preSolution
		Debug|Any CPU = Debug|Any CPU
		Release|Any CPU = Release|Any CPU
	EndGlobalSection
	GlobalSection(ProjectConfigurationPlatforms) = postSolution
		{20ECA661-7443-4168-8623-5D9A50A1BBBA}.Debug|Any CPU.ActiveCfg = Debug|Any CPU
		{20ECA661-7443-4168-8623-5D9A50A1BBBA}.Debug|Any CPU.Build.0 = Debug|Any CPU
		{20ECA661-7443-4168-8623-5D9A50A1BBBA}.Release|Any CPU.ActiveCfg = Release|Any CPU
		{20ECA661-7443-4168-8623-5D9A50A1BBBA}.Release|Any CPU.Build.0 = Release|Any CPU
		{12795521-8CB3-4ED5-B126-3701C599CA8E}.Debug|Any CPU.ActiveCfg = Debug|Any CPU
		{12795521-8CB3-4ED5-B126-3701C599CA8E}.Debug|Any CPU.Build.0 = Debug|Any CPU
		{12795521-8CB3-4ED5-B126-3701C599CA8E}.Release|Any CPU.ActiveCfg = Release|Any CPU
		{12795521-8CB3-4ED5-B126-3701C599CA8E}.Release|Any CPU.Build.0 = Release|Any CPU
	EndGlobalSection
	GlobalSection(SolutionProperties) = preSolution
		HideSolutionNode = FALSE
	EndGlobalSection
EndGlobal
